
Microsoft Visual Studio Solution File, Format Version 12.00
# Visual Studio Version 16
VisualStudioVersion = 16.0.30611.23
MinimumVisualStudioVersion = 10.0.40219.1
Project("{FAE04EC0-301F-11D3-BF4B-00C04F79EFBC}") = "amazon_proyecto_final", "amazon_proyecto_final\amazon_proyecto_final.csproj", "{319FD753-1CE3-4FD7-99A8-F9AF3340201F}"
EndProject
Global
	GlobalSection(SolutionConfigurationPlatforms) = preSolution
		Debug|Any CPU = Debug|Any CPU
		Release|Any CPU = Release|Any CPU
	EndGlobalSection
	GlobalSection(ProjectConfigurationPlatforms) = postSolution
		{319FD753-1CE3-4FD7-99A8-F9AF3340201F}.Debug|Any CPU.ActiveCfg = Debug|Any CPU
		{319FD753-1CE3-4FD7-99A8-F9AF3340201F}.Debug|Any CPU.Build.0 = Debug|Any CPU
		{319FD753-1CE3-4FD7-99A8-F9AF3340201F}.Release|Any CPU.ActiveCfg = Release|Any CPU
		{319FD753-1CE3-4FD7-99A8-F9AF3340201F}.Release|Any CPU.Build.0 = Release|Any CPU
	EndGlobalSection
	GlobalSection(SolutionProperties) = preSolution
		HideSolutionNode = FALSE
	EndGlobalSection
	GlobalSection(ExtensibilityGlobals) = postSolution
		SolutionGuid = {E13C767D-00D1-420C-9D78-C7DE53091D8A}
	EndGlobalSection
EndGlobal
